
Microsoft Visual Studio Solution File, Format Version 12.00
Project("{F2A71F9B-5D33-465A-A702-920D77279786}") = "TimesheetFs", "TimesheetFs\TimesheetFs.fsproj", "{5E1DFADB-632D-4A52-8C93-B5C9CEEAA723}"
EndProject
Project("{FAE04EC0-301F-11D3-BF4B-00C04F79EFBC}") = "ConsoleApp1", "ConsoleApp1\ConsoleApp1.csproj", "{3E082E94-7A6E-4870-BE83-F9314AC0EFAA}"
EndProject
Global
	GlobalSection(SolutionConfigurationPlatforms) = preSolution
		Debug|Any CPU = Debug|Any CPU
		Release|Any CPU = Release|Any CPU
	EndGlobalSection
	GlobalSection(ProjectConfigurationPlatforms) = postSolution
		{5E1DFADB-632D-4A52-8C93-B5C9CEEAA723}.Debug|Any CPU.ActiveCfg = Debug|Any CPU
		{5E1DFADB-632D-4A52-8C93-B5C9CEEAA723}.Debug|Any CPU.Build.0 = Debug|Any CPU
		{5E1DFADB-632D-4A52-8C93-B5C9CEEAA723}.Release|Any CPU.ActiveCfg = Release|Any CPU
		{5E1DFADB-632D-4A52-8C93-B5C9CEEAA723}.Release|Any CPU.Build.0 = Release|Any CPU
		{3E082E94-7A6E-4870-BE83-F9314AC0EFAA}.Debug|Any CPU.ActiveCfg = Debug|Any CPU
		{3E082E94-7A6E-4870-BE83-F9314AC0EFAA}.Debug|Any CPU.Build.0 = Debug|Any CPU
		{3E082E94-7A6E-4870-BE83-F9314AC0EFAA}.Release|Any CPU.ActiveCfg = Release|Any CPU
		{3E082E94-7A6E-4870-BE83-F9314AC0EFAA}.Release|Any CPU.Build.0 = Release|Any CPU
	EndGlobalSection
EndGlobal
